{
  "name": "be-wandering",
  "version": "0.0.0",
  "lockfileVersion": 1,
  "requires": true,
  "dependencies": {
    "be-decorated": {
      "version": "0.0.13",
      "resolved": "https://registry.npmjs.org/be-decorated/-/be-decorated-0.0.13.tgz",
      "integrity": "sha512-P6ZZebsUnys1l1kAS2Rt3lpe1qbmyvjyXr5n1RYGeXZcez8CEIgLsQHISBFAvPsge+1LdDw351AE1hb3K3Oo7w==",
      "requires": {
        "trans-render": "0.0.419",
        "xtal-element": "0.0.444"
      }
    },
    "trans-render": {
      "version": "0.0.419",
      "resolved": "https://registry.npmjs.org/trans-render/-/trans-render-0.0.419.tgz",
      "integrity": "sha512-q1MMpZQkZeh2Z02NgzYokPste6aj7aMIkXgvdN2EymVIx3eUEkKN1c3PnIp0MehIUdi8q5OGfgS4i6R/mEEATg=="
    },
    "xtal-element": {
      "version": "0.0.444",
      "resolved": "https://registry.npmjs.org/xtal-element/-/xtal-element-0.0.444.tgz",
      "integrity": "sha512-/mTySpkvbbbHGZvLuP+eKhNZF3A/HqiQcK8wlsLHvTevZ3q5BA7Exjw6AmvF+hPPhfUZNaU9JPQ3CTPirQnSyg==",
      "requires": {
        "trans-render": "0.0.419"
      }
    }
  }
}
